
Microsoft Visual Studio Solution File, Format Version 12.00
# Visual Studio Version 16
VisualStudioVersion = 16.0.30717.126
MinimumVisualStudioVersion = 10.0.40219.1
Project("{8BC9CEB8-8B4A-11D0-8D11-00A0C91BC942}") = "Practice07_01_Operator_Math", "Practice07_01_Operator_Math\Practice07_01_Operator_Math.vcxproj", "{64D7C8C0-F6C8-433F-A22A-8FE5F9FE031D}"
EndProject
Project("{8BC9CEB8-8B4A-11D0-8D11-00A0C91BC942}") = "Practice07_02_Operator_Compare", "Practice_07_02_Compare\Practice_07_02_Compare.vcxproj", "{876E54AE-61ED-4A8F-A1FA-5A4214C20F36}"
EndProject
Project("{8BC9CEB8-8B4A-11D0-8D11-00A0C91BC942}") = "Practice07_03_Operator", "Practice_07_03_Operator\Practice_07_03_Operator.vcxproj", "{4CBA2110-5612-4503-AE75-2D2FB855BA6D}"
EndProject
Project("{8BC9CEB8-8B4A-11D0-8D11-00A0C91BC942}") = "Practice07_04_Template", "Practice07_04_Template\Practice07_04_Template.vcxproj", "{032EBDCD-41AB-462F-AB8E-CDB9F3911E04}"
EndProject
Project("{8BC9CEB8-8B4A-11D0-8D11-00A0C91BC942}") = "Practice07_05_Template_Class", "Practice07_05_Template_Class\Practice07_05_Template_Class.vcxproj", "{47F57AD6-C1C6-4FA5-A47D-BE63DE9EA4B4}"
EndProject
Global
	GlobalSection(SolutionConfigurationPlatforms) = preSolution
		Debug|x64 = Debug|x64
		Debug|x86 = Debug|x86
		Release|x64 = Release|x64
		Release|x86 = Release|x86
	EndGlobalSection
	GlobalSection(ProjectConfigurationPlatforms) = postSolution
		{64D7C8C0-F6C8-433F-A22A-8FE5F9FE031D}.Debug|x64.ActiveCfg = Debug|x64
		{64D7C8C0-F6C8-433F-A22A-8FE5F9FE031D}.Debug|x64.Build.0 = Debug|x64
		{64D7C8C0-F6C8-433F-A22A-8FE5F9FE031D}.Debug|x86.ActiveCfg = Debug|Win32
		{64D7C8C0-F6C8-433F-A22A-8FE5F9FE031D}.Debug|x86.Build.0 = Debug|Win32
		{64D7C8C0-F6C8-433F-A22A-8FE5F9FE031D}.Release|x64.ActiveCfg = Release|x64
		{64D7C8C0-F6C8-433F-A22A-8FE5F9FE031D}.Release|x64.Build.0 = Release|x64
		{64D7C8C0-F6C8-433F-A22A-8FE5F9FE031D}.Release|x86.ActiveCfg = Release|Win32
		{64D7C8C0-F6C8-433F-A22A-8FE5F9FE031D}.Release|x86.Build.0 = Release|Win32
		{876E54AE-61ED-4A8F-A1FA-5A4214C20F36}.Debug|x64.ActiveCfg = Debug|x64
		{876E54AE-61ED-4A8F-A1FA-5A4214C20F36}.Debug|x64.Build.0 = Debug|x64
		{876E54AE-61ED-4A8F-A1FA-5A4214C20F36}.Debug|x86.ActiveCfg = Debug|Win32
		{876E54AE-61ED-4A8F-A1FA-5A4214C20F36}.Debug|x86.Build.0 = Debug|Win32
		{876E54AE-61ED-4A8F-A1FA-5A4214C20F36}.Release|x64.ActiveCfg = Release|x64
		{876E54AE-61ED-4A8F-A1FA-5A4214C20F36}.Release|x64.Build.0 = Release|x64
		{876E54AE-61ED-4A8F-A1FA-5A4214C20F36}.Release|x86.ActiveCfg = Release|Win32
		{876E54AE-61ED-4A8F-A1FA-5A4214C20F36}.Release|x86.Build.0 = Release|Win32
		{4CBA2110-5612-4503-AE75-2D2FB855BA6D}.Debug|x64.ActiveCfg = Debug|x64
		{4CBA2110-5612-4503-AE75-2D2FB855BA6D}.Debug|x64.Build.0 = Debug|x64
		{4CBA2110-5612-4503-AE75-2D2FB855BA6D}.Debug|x86.ActiveCfg = Debug|Win32
		{4CBA2110-5612-4503-AE75-2D2FB855BA6D}.Debug|x86.Build.0 = Debug|Win32
		{4CBA2110-5612-4503-AE75-2D2FB855BA6D}.Release|x64.ActiveCfg = Release|x64
		{4CBA2110-5612-4503-AE75-2D2FB855BA6D}.Release|x64.Build.0 = Release|x64
		{4CBA2110-5612-4503-AE75-2D2FB855BA6D}.Release|x86.ActiveCfg = Release|Win32
		{4CBA2110-5612-4503-AE75-2D2FB855BA6D}.Release|x86.Build.0 = Release|Win32
		{032EBDCD-41AB-462F-AB8E-CDB9F3911E04}.Debug|x64.ActiveCfg = Debug|x64
		{032EBDCD-41AB-462F-AB8E-CDB9F3911E04}.Debug|x64.Build.0 = Debug|x64
		{032EBDCD-41AB-462F-AB8E-CDB9F3911E04}.Debug|x86.ActiveCfg = Debug|Win32
		{032EBDCD-41AB-462F-AB8E-CDB9F3911E04}.Debug|x86.Build.0 = Debug|Win32
		{032EBDCD-41AB-462F-AB8E-CDB9F3911E04}.Release|x64.ActiveCfg = Release|x64
		{032EBDCD-41AB-462F-AB8E-CDB9F3911E04}.Release|x64.Build.0 = Release|x64
		{032EBDCD-41AB-462F-AB8E-CDB9F3911E04}.Release|x86.ActiveCfg = Release|Win32
		{032EBDCD-41AB-462F-AB8E-CDB9F3911E04}.Release|x86.Build.0 = Release|Win32
		{47F57AD6-C1C6-4FA5-A47D-BE63DE9EA4B4}.Debug|x64.ActiveCfg = Debug|x64
		{47F57AD6-C1C6-4FA5-A47D-BE63DE9EA4B4}.Debug|x64.Build.0 = Debug|x64
		{47F57AD6-C1C6-4FA5-A47D-BE63DE9EA4B4}.Debug|x86.ActiveCfg = Debug|Win32
		{47F57AD6-C1C6-4FA5-A47D-BE63DE9EA4B4}.Debug|x86.Build.0 = Debug|Win32
		{47F57AD6-C1C6-4FA5-A47D-BE63DE9EA4B4}.Release|x64.ActiveCfg = Release|x64
		{47F57AD6-C1C6-4FA5-A47D-BE63DE9EA4B4}.Release|x64.Build.0 = Release|x64
		{47F57AD6-C1C6-4FA5-A47D-BE63DE9EA4B4}.Release|x86.ActiveCfg = Release|Win32
		{47F57AD6-C1C6-4FA5-A47D-BE63DE9EA4B4}.Release|x86.Build.0 = Release|Win32
	EndGlobalSection
	GlobalSection(SolutionProperties) = preSolution
		HideSolutionNode = FALSE
	EndGlobalSection
	GlobalSection(ExtensibilityGlobals) = postSolution
		SolutionGuid = {DB0E5E2D-F093-4DD6-9507-A3F2C3FE98AA}
	EndGlobalSection
EndGlobal
